// !$*UTF8*$!
{
	archiveVersion = 1;
	classes = {
	};
	objectVersion = 46;
	objects = {

/* Begin PBXBuildFile section */
		2F4EC8B21A822A62009E1700 /* main.m in Sources */ = {isa = PBXBuildFile; fileRef = 2F4EC8B11A822A62009E1700 /* main.m */; };
		2F4EC8B51A822A62009E1700 /* AppDelegate.m in Sources */ = {isa = PBXBuildFile; fileRef = 2F4EC8B41A822A62009E1700 /* AppDelegate.m */; };
		2F4EC8B81A822A62009E1700 /* ViewController.m in Sources */ = {isa = PBXBuildFile; fileRef = 2F4EC8B71A822A62009E1700 /* ViewController.m */; };
		2F4EC8BB1A822A62009E1700 /* Main.storyboard in Resources */ = {isa = PBXBuildFile; fileRef = 2F4EC8B91A822A62009E1700 /* Main.storyboard */; };
		2F4EC8BD1A822A62009E1700 /* Images.xcassets in Resources */ = {isa = PBXBuildFile; fileRef = 2F4EC8BC1A822A62009E1700 /* Images.xcassets */; };
		2F4EC8C01A822A62009E1700 /* LaunchScreen.xib in Resources */ = {isa = PBXBuildFile; fileRef = 2F4EC8BE1A822A62009E1700 /* LaunchScreen.xib */; };
/* End PBXBuildFile section */

/* Begin PBXFileReference section */
		2F4EC8AC1A822A62009E1700 /* LYWebViewUserAgent.app */ = {isa = PBXFileReference; explicitFileType = wrapper.application; includeInIndex = 0; path = LYWebViewUserAgent.app; sourceTree = BUILT_PRODUCTS_DIR; };
		2F4EC8B01A822A62009E1700 /* Info.plist */ = {isa = PBXFileReference; lastKnownFileType = text.plist.xml; path = Info.plist; sourceTree = "<group>"; };
		2F4EC8B11A822A62009E1700 /* main.m */ = {isa = PBXFileReference; lastKnownFileType = sourcecode.c.objc; path = main.m; sourceTree = "<group>"; };
		2F4EC8B31A822A62009E1700 /* AppDelegate.h */ = {isa = PBXFileReference; lastKnownFileType = sourcecode.c.h; path = AppDelegate.h; sourceTree = "<group>"; };
		2F4EC8B41A822A62009E1700 /* AppDelegate.m */ = {isa = PBXFileReference; lastKnownFileType = sourcecode.c.objc; path = AppDelegate.m; sourceTree = "<group>"; };
		2F4EC8B61A822A62009E1700 /* ViewController.h */ = {isa = PBXFileReference; lastKnownFileType = sourcecode.c.h; path = ViewController.h; sourceTree = "<group>"; };
		2F4EC8B71A822A62009E1700 /* ViewController.m */ = {isa = PBXFileReference; lastKnownFileType = sourcecode.c.objc; path = ViewController.m; sourceTree = "<group>"; };
		2F4EC8BA1A822A62009E1700 /* Base */ = {isa = PBXFileReference; lastKnownFileType = file.storyboard; name = Base; path = Base.lproj/Main.storyboard; sourceTree = "<group>"; };
		2F4EC8BC1A822A62009E1700 /* Images.xcassets */ = {isa = PBXFileReference; lastKnownFileType = folder.assetcatalog; path = Images.xcassets; sourceTree = "<group>"; };
		2F4EC8BF1A822A62009E1700 /* Base */ = {isa = PBXFileReference; lastKnownFileType = file.xib; name = Base; path = Base.lproj/LaunchScreen.xib; sourceTree = "<group>"; };
/* End PBXFileReference section */

/* Begin PBXFrameworksBuildPhase section */
		2F4EC8A91A822A62009E1700 /* Frameworks */ = {
			isa = PBXFrameworksBuildPhase;
			buildActionMask = 2147483647;
			files = (
			);
			runOnlyForDeploymentPostprocessing = 0;
		};
/* End PBXFrameworksBuildPhase section */

/* Begin PBXGroup section */
		2F4EC8A31A822A62009E1700 = {
			isa = PBXGroup;
			children = (
				2F4EC8AE1A822A62009E1700 /* LYWebViewUserAgent */,
				2F4EC8AD1A822A62009E1700 /* Products */,
			);
			sourceTree = "<group>";
		};
		2F4EC8AD1A822A62009E1700 /* Products */ = {
			isa = PBXGroup;
			children = (
				2F4EC8AC1A822A62009E1700 /* LYWebViewUserAgent.app */,
			);
			name = Products;
			sourceTree = "<group>";
		};
		2F4EC8AE1A822A62009E1700 /* LYWebViewUserAgent */ = {
			isa = PBXGroup;
			children = (
				2F4EC8B31A822A62009E1700 /* AppDelegate.h */,
				2F4EC8B41A822A62009E1700 /* AppDelegate.m */,
				2F4EC8B61A822A62009E1700 /* ViewController.h */,
				2F4EC8B71A822A62009E1700 /* ViewController.m */,
				2F4EC8B91A822A62009E1700 /* Main.storyboard */,
				2F4EC8BC1A822A62009E1700 /* Images.xcassets */,
				2F4EC8BE1A822A62009E1700 /* LaunchScreen.xib */,
				2F4EC8AF1A822A62009E1700 /* Supporting Files */,
			);
			path = LYWebViewUserAgent;
			sourceTree = "<group>";
		};
		2F4EC8AF1A822A62009E1700 /* Supporting Files */ = {
			isa = PBXGroup;
			children = (
				2F4EC8B01A822A62009E1700 /* Info.plist */,
				2F4EC8B11A822A62009E1700 /* main.m */,
			);
			name = "Supporting Files";
			sourceTree = "<group>";
		};
/* End PBXGroup section */

/* Begin PBXNativeTarget section */
		2F4EC8AB1A822A62009E1700 /* LYWebViewUserAgent */ = {
			isa = PBXNativeTarget;
			buildConfigurationList = 2F4EC8CF1A822A63009E1700 /* Build configuration list for PBXNativeTarget "LYWebViewUserAgent" */;
			buildPhases = (
				2F4EC8A81A822A62009E1700 /* Sources */,
				2F4EC8A91A822A62009E1700 /* Frameworks */,
				2F4EC8AA1A822A62009E1700 /* Resources */,
			);
			buildRules = (
			);
			dependencies = (
			);
			name = LYWebViewUserAgent;
			productName = LYWebViewUserAgent;
			productReference = 2F4EC8AC1A822A62009E1700 /* LYWebViewUserAgent.app */;
			productType = "com.apple.product-type.application";
		};
/* End PBXNativeTarget section */

/* Begin PBXProject section */
		2F4EC8A41A822A62009E1700 /* Project object */ = {
			isa = PBXProject;
			attributes = {
				LastUpgradeCheck = 0610;
				ORGANIZATIONNAME = "Lyst Ltd";
				TargetAttributes = {
					2F4EC8AB1A822A62009E1700 = {
						CreatedOnToolsVersion = 6.1.1;
					};
				};
			};
			buildConfigurationList = 2F4EC8A71A822A62009E1700 /* Build configuration list for PBXProject "LYWebViewUserAgent" */;
			compatibilityVersion = "Xcode 3.2";
			developmentRegion = English;
			hasScannedForEncodings = 0;
			knownRegions = (
				en,
				Base,
			);
			mainGroup = 2F4EC8A31A822A62009E1700;
			productRefGroup = 2F4EC8AD1A822A62009E1700 /* Products */;
			projectDirPath = "";
			projectRoot = "";
			targets = (
				2F4EC8AB1A822A62009E1700 /* LYWebViewUserAgent */,
			);
		};
/* End PBXProject section */

/* Begin PBXResourcesBuildPhase section */
		2F4EC8AA1A822A62009E1700 /* Resources */ = {
			isa = PBXResourcesBuildPhase;
			buildActionMask = 2147483647;
			files = (
				2F4EC8BB1A822A62009E1700 /* Main.storyboard in Resources */,
				2F4EC8C01A822A62009E1700 /* LaunchScreen.xib in Resources */,
				2F4EC8BD1A822A62009E1700 /* Images.xcassets in Resources */,
			);
			runOnlyForDeploymentPostprocessing = 0;
		};
/* End PBXResourcesBuildPhase section */

/* Begin PBXSourcesBuildPhase section */
		2F4EC8A81A822A62009E1700 /* Sources */ = {
			isa = PBXSourcesBuildPhase;
			buildActionMask = 2147483647;
			files = (
				2F4EC8B81A822A62009E1700 /* ViewController.m in Sources */,
				2F4EC8B51A822A62009E1700 /* AppDelegate.m in Sources */,
				2F4EC8B21A822A62009E1700 /* main.m in Sources */,
			);
			runOnlyForDeploymentPostprocessing = 0;
		};
/* End PBXSourcesBuildPhase section */

/* Begin PBXVariantGroup section */
		2F4EC8B91A822A62009E1700 /* Main.storyboard */ = {
			isa = PBXVariantGroup;
			children = (
				2F4EC8BA1A822A62009E1700 /* Base */,
			);
			name = Main.storyboard;
			sourceTree = "<group>";
		};
		2F4EC8BE1A822A62009E1700 /* LaunchScreen.xib */ = {
			isa = PBXVariantGroup;
			children = (
				2F4EC8BF1A822A62009E1700 /* Base */,
			);
			name = LaunchScreen.xib;
			sourceTree = "<group>";
		};
/* End PBXVariantGroup section */

/* Begin XCBuildConfiguration section */
		2F4EC8CD1A822A63009E1700 /* Debug */ = {
			isa = XCBuildConfiguration;
			buildSettings = {
				ALWAYS_SEARCH_USER_PATHS = NO;
				CLANG_CXX_LANGUAGE_STANDARD = "gnu++0x";
				CLANG_CXX_LIBRARY = "libc++";
				CLANG_ENABLE_MODULES = YES;
				CLANG_ENABLE_OBJC_ARC = YES;
				CLANG_WARN_BOOL_CONVERSION = YES;
				CLANG_WARN_CONSTANT_CONVERSION = YES;
				CLANG_WARN_DIRECT_OBJC_ISA_USAGE = YES_ERROR;
				CLANG_WARN_EMPTY_BODY = YES;
				CLANG_WARN_ENUM_CONVERSION = YES;
				CLANG_WARN_INT_CONVERSION = YES;
				CLANG_WARN_OBJC_ROOT_CLASS = YES_ERROR;
				CLANG_WARN_UNREACHABLE_CODE = YES;
				CLANG_WARN__DUPLICATE_METHOD_MATCH = YES;
				"CODE_SIGN_IDENTITY[sdk=iphoneos*]" = "iPhone Developer";
				COPY_PHASE_STRIP = NO;
				ENABLE_STRICT_OBJC_MSGSEND = YES;
				GCC_C_LANGUAGE_STANDARD = gnu99;
				GCC_DYNAMIC_NO_PIC = NO;
				GCC_OPTIMIZATION_LEVEL = 0;
				GCC_PREPROCESSOR_DEFINITIONS = (
					"DEBUG=1",
					"$(inherited)",
				);
				GCC_SYMBOLS_PRIVATE_EXTERN = NO;
				GCC_WARN_64_TO_32_BIT_CONVERSION = YES;
				GCC_WARN_ABOUT_RETURN_TYPE = YES_ERROR;
				GCC_WARN_UNDECLARED_SELECTOR = YES;
				GCC_WARN_UNINITIALIZED_AUTOS = YES_AGGRESSIVE;
				GCC_WARN_UNUSED_FUNCTION = YES;
				GCC_WARN_UNUSED_VARIABLE = YES;
				IPHONEOS_DEPLOYMENT_TARGET = 7.0;
				MTL_ENABLE_DEBUG_INFO = YES;
				ONLY_ACTIVE_ARCH = YES;
				SDKROOT = iphoneos;
				TARGETED_DEVICE_FAMILY = "1,2";
			};
			name = Debug;
		};
		2F4EC8CE1A822A63009E1700 /* Release */ = {
			isa = XCBuildConfiguration;
			buildSettings = {
				ALWAYS_SEARCH_USER_PATHS = NO;
				CLANG_CXX_LANGUAGE_STANDARD = "gnu++0x";
				CLANG_CXX_LIBRARY = "libc++";
				CLANG_ENABLE_MODULES = YES;
				CLANG_ENABLE_OBJC_ARC = YES;
				CLANG_WARN_BOOL_CONVERSION = YES;
				CLANG_WARN_CONSTANT_CONVERSION = YES;
				CLANG_WARN_DIRECT_OBJC_ISA_USAGE = YES_ERROR;
				CLANG_WARN_EMPTY_BODY = YES;
				CLANG_WARN_ENUM_CONVERSION = YES;
				CLANG_WARN_INT_CONVERSION = YES;
				CLANG_WARN_OBJC_ROOT_CLASS = YES_ERROR;
				CLANG_WARN_UNREACHABLE_CODE = YES;
				CLANG_WARN__DUPLICATE_METHOD_MATCH = YES;
				"CODE_SIGN_IDENTITY[sdk=iphoneos*]" = "iPhone Developer";
				COPY_PHASE_STRIP = YES;
				ENABLE_NS_ASSERTIONS = NO;
				ENABLE_STRICT_OBJC_MSGSEND = YES;
				GCC_C_LANGUAGE_STANDARD = gnu99;
				GCC_WARN_64_TO_32_BIT_CONVERSION = YES;
				GCC_WARN_ABOUT_RETURN_TYPE = YES_ERROR;
				GCC_WARN_UNDECLARED_SELECTOR = YES;
				GCC_WARN_UNINITIALIZED_AUTOS = YES_AGGRESSIVE;
				GCC_WARN_UNUSED_FUNCTION = YES;
				GCC_WARN_UNUSED_VARIABLE = YES;
				IPHONEOS_DEPLOYMENT_TARGET = 7.0;
				MTL_ENABLE_DEBUG_INFO = NO;
				SDKROOT = iphoneos;
				TARGETED_DEVICE_FAMILY = "1,2";
				VALIDATE_PRODUCT = YES;
			};
			name = Release;
		};
		2F4EC8D01A822A63009E1700 /* Debug */ = {
			isa = XCBuildConfiguration;
			buildSettings = {
				ASSETCATALOG_COMPILER_APPICON_NAME = AppIcon;
				INFOPLIST_FILE = LYWebViewUserAgent/Info.plist;
				LD_RUNPATH_SEARCH_PATHS = "$(inherited) @executable_path/Frameworks";
				PRODUCT_NAME = "$(TARGET_NAME)";
			};
			name = Debug;
		};
		2F4EC8D11A822A63009E1700 /* Release */ = {
			isa = XCBuildConfiguration;
			buildSettings = {
				ASSETCATALOG_COMPILER_APPICON_NAME = AppIcon;
				INFOPLIST_FILE = LYWebViewUserAgent/Info.plist;
				LD_RUNPATH_SEARCH_PATHS = "$(inherited) @executable_path/Frameworks";
				PRODUCT_NAME = "$(TARGET_NAME)";
			};
			name = Release;
		};
/* End XCBuildConfiguration section */

/* Begin XCConfigurationList section */
		2F4EC8A71A822A62009E1700 /* Build configuration list for PBXProject "LYWebViewUserAgent" */ = {
			isa = XCConfigurationList;
			buildConfigurations = (
				2F4EC8CD1A822A63009E1700 /* Debug */,
				2F4EC8CE1A822A63009E1700 /* Release */,
			);
			defaultConfigurationIsVisible = 0;
			defaultConfigurationName = Release;
		};
		2F4EC8CF1A822A63009E1700 /* Build configuration list for PBXNativeTarget "LYWebViewUserAgent" */ = {
			isa = XCConfigurationList;
			buildConfigurations = (
				2F4EC8D01A822A63009E1700 /* Debug */,
				2F4EC8D11A822A63009E1700 /* Release */,
			);
			defaultConfigurationIsVisible = 0;
			defaultConfigurationName = Release;
		};
/* End XCConfigurationList section */
	};
	rootObject = 2F4EC8A41A822A62009E1700 /* Project object */;
}
